
Microsoft Visual Studio Solution File, Format Version 12.00
# Visual Studio Version 16
VisualStudioVersion = 16.0.30611.23
MinimumVisualStudioVersion = 10.0.40219.1
Project("{9A19103F-16F7-4668-BE54-9A1E7A4F7556}") = "pShopSolution.WebApp", "pShopSolution.WebApp\pShopSolution.WebApp.csproj", "{C07F31F2-0398-4EC6-8B15-F71454714BF2}"
EndProject
Project("{2150E333-8FDC-42A3-9474-1A3956D46DE8}") = "0. Solution Items", "0. Solution Items", "{6C26F22D-C767-44C3-A6F1-8E7371425EC7}"
	ProjectSection(SolutionItems) = preProject
		README.md = README.md
	EndProjectSection
EndProject
Project("{9A19103F-16F7-4668-BE54-9A1E7A4F7556}") = "pShopSolution.Data", "pShopSolution.Data\pShopSolution.Data.csproj", "{E50602BE-7A68-4707-9331-175F84D2B2C2}"
EndProject
Project("{9A19103F-16F7-4668-BE54-9A1E7A4F7556}") = "pShopSolution.Application", "pShopSolution.Application\pShopSolution.Application.csproj", "{C668E756-90D7-4972-8B1F-64D14C687D6D}"
EndProject
Project("{9A19103F-16F7-4668-BE54-9A1E7A4F7556}") = "pShopSolution.Utitlties", "pShopSolution.Utitlties\pShopSolution.Utitlties.csproj", "{FA9E7036-F3F3-498C-A071-65ABAC5482CF}"
EndProject
Project("{9A19103F-16F7-4668-BE54-9A1E7A4F7556}") = "pShopSolution.ViewModels", "pShopSolution.ViewModels\pShopSolution.ViewModels.csproj", "{C3C2FCB5-4012-4299-9769-5B5DFBA26ED5}"
EndProject
Project("{9A19103F-16F7-4668-BE54-9A1E7A4F7556}") = "pShopSolution.BackendApi", "pShopSolution.BackendApi\pShopSolution.BackendApi.csproj", "{0DA0C794-BD53-45F8-82A4-4C2CC6E7CAD0}"
EndProject
Project("{2150E333-8FDC-42A3-9474-1A3956D46DE8}") = "1. Infrastructure", "1. Infrastructure", "{E7F46772-0670-4407-BBBC-9A9339814689}"
EndProject
Project("{2150E333-8FDC-42A3-9474-1A3956D46DE8}") = "2. Domain", "2. Domain", "{234198CB-FB90-442A-B7D0-12265B6EC12C}"
EndProject
Project("{2150E333-8FDC-42A3-9474-1A3956D46DE8}") = "4. Hosts", "4. Hosts", "{D6F6E83B-7DE3-4ED4-AE5A-9E202135B342}"
EndProject
Global
	GlobalSection(SolutionConfigurationPlatforms) = preSolution
		Debug|Any CPU = Debug|Any CPU
		Release|Any CPU = Release|Any CPU
	EndGlobalSection
	GlobalSection(ProjectConfigurationPlatforms) = postSolution
		{C07F31F2-0398-4EC6-8B15-F71454714BF2}.Debug|Any CPU.ActiveCfg = Debug|Any CPU
		{C07F31F2-0398-4EC6-8B15-F71454714BF2}.Debug|Any CPU.Build.0 = Debug|Any CPU
		{C07F31F2-0398-4EC6-8B15-F71454714BF2}.Release|Any CPU.ActiveCfg = Release|Any CPU
		{C07F31F2-0398-4EC6-8B15-F71454714BF2}.Release|Any CPU.Build.0 = Release|Any CPU
		{E50602BE-7A68-4707-9331-175F84D2B2C2}.Debug|Any CPU.ActiveCfg = Debug|Any CPU
		{E50602BE-7A68-4707-9331-175F84D2B2C2}.Debug|Any CPU.Build.0 = Debug|Any CPU
		{E50602BE-7A68-4707-9331-175F84D2B2C2}.Release|Any CPU.ActiveCfg = Release|Any CPU
		{E50602BE-7A68-4707-9331-175F84D2B2C2}.Release|Any CPU.Build.0 = Release|Any CPU
		{C668E756-90D7-4972-8B1F-64D14C687D6D}.Debug|Any CPU.ActiveCfg = Debug|Any CPU
		{C668E756-90D7-4972-8B1F-64D14C687D6D}.Debug|Any CPU.Build.0 = Debug|Any CPU
		{C668E756-90D7-4972-8B1F-64D14C687D6D}.Release|Any CPU.ActiveCfg = Release|Any CPU
		{C668E756-90D7-4972-8B1F-64D14C687D6D}.Release|Any CPU.Build.0 = Release|Any CPU
		{FA9E7036-F3F3-498C-A071-65ABAC5482CF}.Debug|Any CPU.ActiveCfg = Debug|Any CPU
		{FA9E7036-F3F3-498C-A071-65ABAC5482CF}.Debug|Any CPU.Build.0 = Debug|Any CPU
		{FA9E7036-F3F3-498C-A071-65ABAC5482CF}.Release|Any CPU.ActiveCfg = Release|Any CPU
		{FA9E7036-F3F3-498C-A071-65ABAC5482CF}.Release|Any CPU.Build.0 = Release|Any CPU
		{C3C2FCB5-4012-4299-9769-5B5DFBA26ED5}.Debug|Any CPU.ActiveCfg = Debug|Any CPU
		{C3C2FCB5-4012-4299-9769-5B5DFBA26ED5}.Debug|Any CPU.Build.0 = Debug|Any CPU
		{C3C2FCB5-4012-4299-9769-5B5DFBA26ED5}.Release|Any CPU.ActiveCfg = Release|Any CPU
		{C3C2FCB5-4012-4299-9769-5B5DFBA26ED5}.Release|Any CPU.Build.0 = Release|Any CPU
		{0DA0C794-BD53-45F8-82A4-4C2CC6E7CAD0}.Debug|Any CPU.ActiveCfg = Debug|Any CPU
		{0DA0C794-BD53-45F8-82A4-4C2CC6E7CAD0}.Debug|Any CPU.Build.0 = Debug|Any CPU
		{0DA0C794-BD53-45F8-82A4-4C2CC6E7CAD0}.Release|Any CPU.ActiveCfg = Release|Any CPU
		{0DA0C794-BD53-45F8-82A4-4C2CC6E7CAD0}.Release|Any CPU.Build.0 = Release|Any CPU
	EndGlobalSection
	GlobalSection(SolutionProperties) = preSolution
		HideSolutionNode = FALSE
	EndGlobalSection
	GlobalSection(NestedProjects) = preSolution
		{C07F31F2-0398-4EC6-8B15-F71454714BF2} = {D6F6E83B-7DE3-4ED4-AE5A-9E202135B342}
		{E50602BE-7A68-4707-9331-175F84D2B2C2} = {234198CB-FB90-442A-B7D0-12265B6EC12C}
		{C668E756-90D7-4972-8B1F-64D14C687D6D} = {234198CB-FB90-442A-B7D0-12265B6EC12C}
		{FA9E7036-F3F3-498C-A071-65ABAC5482CF} = {E7F46772-0670-4407-BBBC-9A9339814689}
		{C3C2FCB5-4012-4299-9769-5B5DFBA26ED5} = {E7F46772-0670-4407-BBBC-9A9339814689}
		{0DA0C794-BD53-45F8-82A4-4C2CC6E7CAD0} = {D6F6E83B-7DE3-4ED4-AE5A-9E202135B342}
	EndGlobalSection
	GlobalSection(ExtensibilityGlobals) = postSolution
		SolutionGuid = {6555F155-2333-485B-AD52-D2502AF79BA6}
	EndGlobalSection
EndGlobal
